# This file is autogenerated, do not edit; changes may be undone by the next 'dep ensure'.


[[projects]]
  digest = "1:235ae01f32fb5f12c5f6d2e0e05ab48e651ab31c126e45a4efc4f510810941ac"
  name = "github.com/jinzhu/gorm"
  packages = ["."]
  pruneopts = "UT"
  revision = "6ed508ec6a4ecb3531899a69cbc746ccf65a4166"
  version = "v1.9.1"

[[projects]]
  branch = "master"
  digest = "1:fd97437fbb6b7dce04132cf06775bd258cce305c44add58eb55ca86c6c325160"
  name = "github.com/jinzhu/inflection"
  packages = ["."]
  pruneopts = "UT"
  revision = "04140366298a54a039076d798123ffa108fff46c"

[[projects]]
  digest = "1:8ef506fc2bb9ced9b151dafa592d4046063d744c646c1bbe801982ce87e4bc24"
  name = "github.com/lib/pq"
  packages = [
    ".",
    "oid",
  ]
  pruneopts = "UT"
  revision = "4ded0e9383f75c197b3a2aaa6d590ac52df6fd79"
  version = "v1.0.0"

[[projects]]
  digest = "1:9c40df9dd29184cf37e47f5f864f4cdaeb7525082e186123319cc7d394788eb8"
  name = "gopkg.in/doug-martin/goqu.v5"
  packages = [
    ".",
    "adapters/postgres",
  ]
  pruneopts = "UT"
  revision = "6803bc2ea3462276f0e87814761a787d5537c4eb"
  version = "v5.0.0"

[solve-meta]
  analyzer-name = "dep"
  analyzer-version = 1
  input-imports = [
    "github.com/jinzhu/gorm",
    "github.com/lib/pq",
    "gopkg.in/doug-martin/goqu.v5/adapters/postgres",
  ]
  solver-name = "gps-cdcl"
  solver-version = 1
